
Microsoft Visual Studio Solution File, Format Version 12.00
# Visual Studio Version 16
VisualStudioVersion = 16.0.28803.202
MinimumVisualStudioVersion = 10.0.40219.1
Project("{FAE04EC0-301F-11D3-BF4B-00C04F79EFBC}") = "BenchmarkCore", "BenchmarkCore\BenchmarkCore.csproj", "{45E85B3C-6466-4115-A9DC-21E480CB31D9}"
EndProject
Global
	GlobalSection(SolutionConfigurationPlatforms) = preSolution
		Debug|Any CPU = Debug|Any CPU
		Release|Any CPU = Release|Any CPU
	EndGlobalSection
	GlobalSection(ProjectConfigurationPlatforms) = postSolution
		{45E85B3C-6466-4115-A9DC-21E480CB31D9}.Debug|Any CPU.ActiveCfg = Debug|Any CPU
		{45E85B3C-6466-4115-A9DC-21E480CB31D9}.Debug|Any CPU.Build.0 = Debug|Any CPU
		{45E85B3C-6466-4115-A9DC-21E480CB31D9}.Release|Any CPU.ActiveCfg = Release|Any CPU
		{45E85B3C-6466-4115-A9DC-21E480CB31D9}.Release|Any CPU.Build.0 = Release|Any CPU
	EndGlobalSection
	GlobalSection(SolutionProperties) = preSolution
		HideSolutionNode = FALSE
	EndGlobalSection
	GlobalSection(ExtensibilityGlobals) = postSolution
		SolutionGuid = {0BA15272-CFD2-48EB-A6D6-1AEDDECD9EE4}
	EndGlobalSection
EndGlobal
